
Microsoft Visual Studio Solution File, Format Version 12.00
# Visual Studio Version 17
VisualStudioVersion = 17.5.33502.453
MinimumVisualStudioVersion = 10.0.40219.1
Project("{FAE04EC0-301F-11D3-BF4B-00C04F79EFBC}") = "Devops2023Dotnet31MVC", "Devops2023Dotnet31MVC\Devops2023Dotnet31MVC.csproj", "{AFA6CC34-70BD-4D98-8CAE-C56FB68BE168}"
EndProject
Global
	GlobalSection(SolutionConfigurationPlatforms) = preSolution
		Debug|Any CPU = Debug|Any CPU
		Release|Any CPU = Release|Any CPU
	EndGlobalSection
	GlobalSection(ProjectConfigurationPlatforms) = postSolution
		{AFA6CC34-70BD-4D98-8CAE-C56FB68BE168}.Debug|Any CPU.ActiveCfg = Debug|Any CPU
		{AFA6CC34-70BD-4D98-8CAE-C56FB68BE168}.Debug|Any CPU.Build.0 = Debug|Any CPU
		{AFA6CC34-70BD-4D98-8CAE-C56FB68BE168}.Release|Any CPU.ActiveCfg = Release|Any CPU
		{AFA6CC34-70BD-4D98-8CAE-C56FB68BE168}.Release|Any CPU.Build.0 = Release|Any CPU
	EndGlobalSection
	GlobalSection(SolutionProperties) = preSolution
		HideSolutionNode = FALSE
	EndGlobalSection
	GlobalSection(ExtensibilityGlobals) = postSolution
		SolutionGuid = {B0000F1B-4541-4B8E-A750-B836A83AD24E}
	EndGlobalSection
EndGlobal
